PODS:
  - AFNetworking (3.0.4):
    - AFNetworking/NSURLSession (= 3.0.4)
    - AFNetworking/Reachability (= 3.0.4)
    - AFNetworking/Security (= 3.0.4)
    - AFNetworking/Serialization (= 3.0.4)
    - AFNetworking/UIKit (= 3.0.4)
  - AFNetworking/NSURLSession (3.0.4):
    - AFNetworking/Reachability
    - AFNetworking/Security
    - AFNetworking/Serialization
  - AFNetworking/Reachability (3.0.4)
  - AFNetworking/Security (3.0.4)
  - AFNetworking/Serialization (3.0.4)
  - AFNetworking/UIKit (3.0.4):
    - AFNetworking/NSURLSession
  - Bolts (1.6.0):
    - Bolts/AppLinks (= 1.6.0)
    - Bolts/Tasks (= 1.6.0)
  - Bolts/AppLinks (1.6.0):
    - Bolts/Tasks
  - Bolts/Tasks (1.6.0)
  - CodFis-Helper (0.1.2)
  - Expecta (1.0.5)
  - Expecta+Snapshots (2.0.0):
    - Expecta (~> 1.0)
    - FBSnapshotTestCase/Core (~> 2.0.3)
  - FBSDKCoreKit (4.10.0):
    - Bolts (~> 1.5)
  - FBSDKLoginKit (4.10.0):
    - FBSDKCoreKit
  - FBSDKShareKit (4.10.0):
    - FBSDKCoreKit
  - FBSnapshotTestCase (2.0.7):
    - FBSnapshotTestCase/SwiftSupport (= 2.0.7)
  - FBSnapshotTestCase/Core (2.0.7)
  - FBSnapshotTestCase/SwiftSupport (2.0.7):
    - FBSnapshotTestCase/Core
  - NSDate_Utils (0.1.2)
  - NSString-Helper (1.0.3)
  - nv-ios-http-status (0.0.1)
  - PEAR-FileManager-iOS (1.3.1)
  - PNObject (0.3.12):
    - AFNetworking
    - CodFis-Helper
    - FBSDKCoreKit
    - FBSDKLoginKit
    - FBSDKShareKit
    - NSDate_Utils
    - NSString-Helper
    - nv-ios-http-status
    - PEAR-FileManager-iOS
    - RNCryptor
    - StrongestPasswordValidator
    - UIDevice-Utils
  - PureLayout (3.0.1)
  - RNCryptor (4.0.0)
  - Specta (1.0.5)
  - StrongestPasswordValidator (0.1.1)
  - UIDevice-Utils (0.1.4)

DEPENDENCIES:
  - AFNetworking
  - CodFis-Helper
  - Expecta
  - Expecta+Snapshots
  - FBSDKCoreKit
  - FBSDKLoginKit
  - FBSDKShareKit
  - FBSnapshotTestCase
  - NSDate_Utils
  - NSString-Helper
  - nv-ios-http-status
  - PEAR-FileManager-iOS
  - PNObject (from `../`)
  - PureLayout
  - Specta
  - StrongestPasswordValidator
  - UIDevice-Utils

EXTERNAL SOURCES:
  PNObject:
    :path: "../"

SPEC CHECKSUMS:
  AFNetworking: a0075feb321559dc78d9d85b55d11caa19eabb93
  Bolts: f52a250053bb517ca874523c3913776359ab3def
  CodFis-Helper: f303810699f22dbcba8fb8c600545ac91fc3ec42
  Expecta: e1c022fcd33910b6be89c291d2775b3fe27a89fe
  Expecta+Snapshots: 29b38dd695bc72a0ed2bea833937d78df41943ba
  FBSDKCoreKit: 13bec8373fb3af94d44daf2aa1e0958687897fbd
  FBSDKLoginKit: d3d4a2e9d31954deb00bfea964167a05ca1ea976
  FBSDKShareKit: 54587b4624706ace1e810cf83412a918141f807a
  FBSnapshotTestCase: 7e85180d0d141a0cf472352edda7e80d7eaeb547
  NSDate_Utils: 6f310af16917c48536836d4c17e1e47bf6fbe8e4
  NSString-Helper: d4c5459e8142ee6a96b070118009f08637030c2d
  nv-ios-http-status: b6c2b5fc8656cc19e0d3000dadce2080b99d0e2f
  PEAR-FileManager-iOS: 3bc403f68a53483f5629aa822f4649e40275c4d3
  PNObject: cc3f3e854b20545b9caffb32a7ced7bb760fb5e7
  PureLayout: f35f5384c9c4e4479df041dbe33ad7577b71ddfb
  RNCryptor: 59d6483908115af5c12b884db23392024e52a5fe
  Specta: ac94d110b865115fe60ff2c6d7281053c6f8e8a2
  StrongestPasswordValidator: 554de9038705e18904f0337903dfd3b85a6b271b
  UIDevice-Utils: 0beb5f9d2bd256a3efe05c1e43a2a8b8702199c4

PODFILE CHECKSUM: 2e494b482bc938579e08ab48dab20d64709c3062

COCOAPODS: 1.0.0.beta.4
